
Microsoft Visual Studio Solution File, Format Version 12.00
# Visual Studio Version 17
VisualStudioVersion = 17.9.34616.47
MinimumVisualStudioVersion = 10.0.40219.1
Project("{8BC9CEB8-8B4A-11D0-8D11-00A0C91BC942}") = "1-st class", "1-st class\1-st class.vcxproj", "{504175F8-476B-49DF-B55E-108241EAF1C3}"
EndProject
Global
	GlobalSection(SolutionConfigurationPlatforms) = preSolution
		Debug|x64 = Debug|x64
		Debug|x86 = Debug|x86
		Release|x64 = Release|x64
		Release|x86 = Release|x86
	EndGlobalSection
	GlobalSection(ProjectConfigurationPlatforms) = postSolution
		{504175F8-476B-49DF-B55E-108241EAF1C3}.Debug|x64.ActiveCfg = Debug|x64
		{504175F8-476B-49DF-B55E-108241EAF1C3}.Debug|x64.Build.0 = Debug|x64
		{504175F8-476B-49DF-B55E-108241EAF1C3}.Debug|x86.ActiveCfg = Debug|Win32
		{504175F8-476B-49DF-B55E-108241EAF1C3}.Debug|x86.Build.0 = Debug|Win32
		{504175F8-476B-49DF-B55E-108241EAF1C3}.Release|x64.ActiveCfg = Release|x64
		{504175F8-476B-49DF-B55E-108241EAF1C3}.Release|x64.Build.0 = Release|x64
		{504175F8-476B-49DF-B55E-108241EAF1C3}.Release|x86.ActiveCfg = Release|Win32
		{504175F8-476B-49DF-B55E-108241EAF1C3}.Release|x86.Build.0 = Release|Win32
	EndGlobalSection
	GlobalSection(SolutionProperties) = preSolution
		HideSolutionNode = FALSE
	EndGlobalSection
	GlobalSection(ExtensibilityGlobals) = postSolution
		SolutionGuid = {438F9476-CE78-421A-8687-5A79FD84F5A3}
	EndGlobalSection
EndGlobal
